{
  "version": "2",
  "remote": {
    "https://deno.land/std@0.190.0/_util/asserts.ts": "178dfc49a464aee693a7e285567b3d0b555dc805ff490505a8aae34f9cfb1462",
    "https://deno.land/std@0.190.0/_util/os.ts": "d932f56d41e4f6a6093d56044e29ce637f8dcc43c5a90af43504a889cf1775e3",
    "https://deno.land/std@0.190.0/fmt/colors.ts": "d67e3cd9f472535241a8e410d33423980bec45047e343577554d3356e1f0ef4e",
    "https://deno.land/std@0.190.0/fs/_util.ts": "579038bebc3bd35c43a6a7766f7d91fbacdf44bc03468e9d3134297bb99ed4f9",
    "https://deno.land/std@0.190.0/fs/walk.ts": "920be35a7376db6c0b5b1caf1486fb962925e38c9825f90367f8f26b5e5d0897",
    "https://deno.land/std@0.190.0/path/_constants.ts": "e49961f6f4f48039c0dfed3c3f93e963ca3d92791c9d478ac5b43183413136e0",
    "https://deno.land/std@0.190.0/path/_interface.ts": "6471159dfbbc357e03882c2266d21ef9afdb1e4aa771b0545e90db58a0ba314b",
    "https://deno.land/std@0.190.0/path/_util.ts": "d7abb1e0dea065f427b89156e28cdeb32b045870acdf865833ba808a73b576d0",
    "https://deno.land/std@0.190.0/path/common.ts": "ee7505ab01fd22de3963b64e46cff31f40de34f9f8de1fff6a1bd2fe79380000",
    "https://deno.land/std@0.190.0/path/glob.ts": "d479e0a695621c94d3fd7fe7abd4f9499caf32a8de13f25073451c6ef420a4e1",
    "https://deno.land/std@0.190.0/path/mod.ts": "ee161baec5ded6510ee1d1fb6a75a0f5e4b41f3f3301c92c716ecbdf7dae910d",
    "https://deno.land/std@0.190.0/path/posix.ts": "8b7c67ac338714b30c816079303d0285dd24af6b284f7ad63da5b27372a2c94d",
    "https://deno.land/std@0.190.0/path/separator.ts": "0fb679739d0d1d7bf45b68dacfb4ec7563597a902edbaf3c59b50d5bcadd93b1",
    "https://deno.land/std@0.190.0/path/win32.ts": "d186344e5583bcbf8b18af416d13d82b35a317116e6460a5a3953508c3de5bba",
    "https://deno.land/std@0.190.0/testing/_diff.ts": "1a3c044aedf77647d6cac86b798c6417603361b66b54c53331b312caeb447aea",
    "https://deno.land/std@0.190.0/testing/_format.ts": "a69126e8a469009adf4cf2a50af889aca364c349797e63174884a52ff75cf4c7",
    "https://deno.land/std@0.190.0/testing/asserts.ts": "e16d98b4d73ffc4ed498d717307a12500ae4f2cbe668f1a215632d19fcffc22f",
    "https://deno.land/x/case@2.1.1/camelCase.ts": "0808961e69e1883c6e94faf85e333196a464ceba46ddc76984d7b8ce9e26a43a",
    "https://deno.land/x/case@2.1.1/constantCase.ts": "e50eaa8a45cf68417902fda218f03a99e45e2a30f7fce2db325306c84e8c3f0a",
    "https://deno.land/x/case@2.1.1/dotCase.ts": "ef3977567057e6c2a4e1b5ca09ec34b9e0788c1a50246187c11f435a468be17e",
    "https://deno.land/x/case@2.1.1/headerCase.ts": "4440a251a196fb6d7090213c39e4c6c50ddecab90c14ec91495bee3563082d3c",
    "https://deno.land/x/case@2.1.1/lowerCase.ts": "86d5533f9587ed60003181591e40e648838c23f371edfa79d00288153d113b16",
    "https://deno.land/x/case@2.1.1/lowerFirstCase.ts": "74e8ebe10f3c54a9d8e81d21127a20fcfb34c446e9c49b2a335162babd652de9",
    "https://deno.land/x/case@2.1.1/mod.ts": "28b0b1329c7b18730799ac05627a433d9547c04b9bfb429116247c60edecd97b",
    "https://deno.land/x/case@2.1.1/normalCase.ts": "6a8b924da9ab0790d99233ae54bfcfc996d229cb91b2533639fe20972cc33dac",
    "https://deno.land/x/case@2.1.1/paramCase.ts": "cf3101c59fd4f16ee14fd09985adb7fa3dbfb194f102499986f7407995202394",
    "https://deno.land/x/case@2.1.1/pascalCase.ts": "f68936d584182c8f4b341238bd9c424b1a740bfba3ab2847234f57a4c205f1df",
    "https://deno.land/x/case@2.1.1/pathCase.ts": "76e5f437369f8981e17ecdb07870e1c9c8d2d0357f1bf3377e2b0eb132159ed8",
    "https://deno.land/x/case@2.1.1/sentenceCase.ts": "f3355985a6a41e088c8c9be80219e5e055a68ad9a987df084a57ee437a0871c5",
    "https://deno.land/x/case@2.1.1/snakeCase.ts": "ee2ab4e2c931d30bb79190d090c21eb5c00d1de1b7a9a3e7f33e035ae431333b",
    "https://deno.land/x/case@2.1.1/swapCase.ts": "d9b5ee5b8e1ee3d202cbce32a504dde976b9002ed94b4527054a004179905dbb",
    "https://deno.land/x/case@2.1.1/titleCase.ts": "36d3fc73df58712240a74b04d84191ac22dd2866bef3838b02157f8e46cb0ecb",
    "https://deno.land/x/case@2.1.1/types.ts": "8e2bd6edaa27c0d1972c0d5b76698564740f37b4d3787d58d1fb5f48de611e61",
    "https://deno.land/x/case@2.1.1/upperCase.ts": "e6a1a3dea30e17013aa212ec237b35e2dd5c5c0b1501778c07db66ff0bbe4372",
    "https://deno.land/x/case@2.1.1/upperFirstCase.ts": "2b083db95744105a4f4accefe66dcd09390634514abf757fc580a7ebad58bf4f",
    "https://deno.land/x/case@2.1.1/vendor/camelCaseRegexp.ts": "7d9ff02aad4ab6429eeab7c7353f7bcdd6cc5909a8bd3dda97918c8bbb7621ae",
    "https://deno.land/x/case@2.1.1/vendor/camelCaseUpperRegexp.ts": "292de54a698370f90adcdf95727993d09888b7f33d17f72f8e54ba75f7791787",
    "https://deno.land/x/case@2.1.1/vendor/nonWordRegexp.ts": "c1a052629a694144b48c66b0175a22a83f4d61cb40f4e45293fc5d6b123f927e",
    "https://deno.land/x/deno_dom@v0.1.22-alpha/build/deno-wasm/deno-wasm.js": "077162a693528034d8ef84b6602e3562db3ce07c15ce2cf547fe76f7ef48f940",
    "https://deno.land/x/deno_dom@v0.1.22-alpha/deno-dom-wasm.ts": "bfd999a493a6974e9fca4d331bee03bfb68cfc600c662cd0b48b21d67a2a8ba0",
    "https://deno.land/x/deno_dom@v0.1.22-alpha/src/api.ts": "cddf406ac2bb73b3b92b1c587acf0a74519884a6e6798b2dbebe9a7ba8842d35",
    "https://deno.land/x/deno_dom@v0.1.22-alpha/src/constructor-lock.ts": "59714df7e0571ec7bd338903b1f396202771a6d4d7f55a452936bd0de9deb186",
    "https://deno.land/x/deno_dom@v0.1.22-alpha/src/deserialize.ts": "3c8ec2fccddac7af0963816f44940a420c4ecea6bb41c0e9d4485a3f26dd712e",
    "https://deno.land/x/deno_dom@v0.1.22-alpha/src/dom/document-fragment.ts": "a40c6e18dd0efcf749a31552c1c9a6f7fa614452245e86ee38fc92ba0235e5ae",
    "https://deno.land/x/deno_dom@v0.1.22-alpha/src/dom/document.ts": "f6dc03ac37170b93c97c2c1e7034e3e35b3434c709a4978f2eeaf0ca177588b4",
    "https://deno.land/x/deno_dom@v0.1.22-alpha/src/dom/dom-parser.ts": "609097b426f8c2358f3e5d2bca55ed026cf26cdf86562e94130dfdb0f2537f92",
    "https://deno.land/x/deno_dom@v0.1.22-alpha/src/dom/element.ts": "68256e45aee0ba5b2c784f3b2d6e1492bf424bc0216bf6940723054ee3461636",
    "https://deno.land/x/deno_dom@v0.1.22-alpha/src/dom/html-collection.ts": "ae90197f5270c32074926ad6cf30ee07d274d44596c7e413c354880cebce8565",
    "https://deno.land/x/deno_dom@v0.1.22-alpha/src/dom/node-list.ts": "d9c07baf0acc383112cbabafacf26a0aedb04d0866645e7485f5ab23e470b6f8",
    "https://deno.land/x/deno_dom@v0.1.22-alpha/src/dom/node.ts": "76a73a970e05b9d00b4f9249d5276c68a05581313eb070c269109d6268c2a7b9",
    "https://deno.land/x/deno_dom@v0.1.22-alpha/src/dom/selectors/custom-api.ts": "852696bd58e534bc41bd3be9e2250b60b67cd95fd28ed16b1deff1d548531a71",
    "https://deno.land/x/deno_dom@v0.1.22-alpha/src/dom/selectors/nwsapi-types.ts": "c43b36c36acc5d32caabaa54fda8c9d239b2b0fcbce9a28efb93c84aa1021698",
    "https://deno.land/x/deno_dom@v0.1.22-alpha/src/dom/selectors/nwsapi.js": "10a2bf1409c9e82f3d6b604d275dd3418cb26348e659411502e19b6aed699772",
    "https://deno.land/x/deno_dom@v0.1.22-alpha/src/dom/selectors/selectors.ts": "83eab57be2290fb48e3130533448c93c6c61239f2a2f3b85f1917f80ca0fdc75",
    "https://deno.land/x/deno_dom@v0.1.22-alpha/src/dom/selectors/sizzle-types.ts": "78149e2502409989ce861ed636b813b059e16bc267bb543e7c2b26ef43e4798b",
    "https://deno.land/x/deno_dom@v0.1.22-alpha/src/dom/selectors/sizzle.js": "c3aed60c1045a106d8e546ac2f85cc82e65f62d9af2f8f515210b9212286682a",
    "https://deno.land/x/deno_dom@v0.1.22-alpha/src/dom/utils-types.ts": "96db30e3e4a75b194201bb9fa30988215da7f91b380fca6a5143e51ece2a8436",
    "https://deno.land/x/deno_dom@v0.1.22-alpha/src/dom/utils.ts": "90a2bfb9507be15ee0567352dc722582938336e6069871efe21997d8dc2aa605",
    "https://deno.land/x/deno_dom@v0.1.22-alpha/src/parser.ts": "b65eb7e673fa7ca611de871de109655f0aa9fa35ddc1de73df1a5fc2baafc332",
    "https://esm.sh/pretty-bytes@6.0.0": "abedb19018160e1ea3f1989e82b2858227ca2c0d49f7d410ff12bcbfebd658eb",
    "https://esm.sh/v93/pretty-bytes@6.0.0/deno/pretty-bytes.js": "a6d9111496d7ff73b585302c10d6b16aca7fb4bc473ad999b5e39a4e48a1ab8c",
    "https://esm.sh/v93/pretty-bytes@6.0.0/index.d.ts": "5137a51bcb5f7b62737ab2773b24d1c3b3f7c270bd5501e9ecba1adecab9eaec",
    "https://raw.githubusercontent.com/GoogleChrome/lighthouse-ci/v0.10.0/types/assert.d.ts": "6bc48c6cdb2fa2033c794ee4a03d1259e4839c0d874d9d9516197db41f551652"
  },
  "npm": {
    "specifiers": {
      "@octokit/webhooks-types@6": "@octokit/webhooks-types@6.10.0",
      "octokit@2": "octokit@2.0.14_@octokit+core@4.2.0",
      "pretty-bytes@6": "pretty-bytes@6.1.0",
      "zod@3": "zod@3.19.1"
    },
    "packages": {
      "@octokit/app@13.1.2_@octokit+core@4.2.0": {
        "integrity": "sha512-Kf+h5sa1SOI33hFsuHvTsWj1jUrjp1x4MuiJBq7U/NicfEGa6nArPUoDnyfP/YTmcQ5cQ5yvOgoIBkbwPg6kzQ==",
        "dependencies": {
          "@octokit/auth-app": "@octokit/auth-app@4.0.9",
          "@octokit/auth-unauthenticated": "@octokit/auth-unauthenticated@3.0.4",
          "@octokit/core": "@octokit/core@4.2.0",
          "@octokit/oauth-app": "@octokit/oauth-app@4.2.0",
          "@octokit/plugin-paginate-rest": "@octokit/plugin-paginate-rest@6.0.0_@octokit+core@4.2.0",
          "@octokit/types": "@octokit/types@9.0.0",
          "@octokit/webhooks": "@octokit/webhooks@10.7.0"
        }
      },
      "@octokit/auth-app@4.0.9": {
        "integrity": "sha512-VFpKIXhHO+kVJtane5cEvdYPtjDKCOI0uKsRrsZfJP+uEu7rcPbQCLCcRKgyT+mUIzGr1IIOmwP/lFqSip1dXA==",
        "dependencies": {
          "@octokit/auth-oauth-app": "@octokit/auth-oauth-app@5.0.5",
          "@octokit/auth-oauth-user": "@octokit/auth-oauth-user@2.1.1",
          "@octokit/request": "@octokit/request@6.2.3",
          "@octokit/request-error": "@octokit/request-error@3.0.3",
          "@octokit/types": "@octokit/types@9.0.0",
          "@types/lru-cache": "@types/lru-cache@5.1.1",
          "deprecation": "deprecation@2.3.1",
          "lru-cache": "lru-cache@6.0.0",
          "universal-github-app-jwt": "universal-github-app-jwt@1.1.1",
          "universal-user-agent": "universal-user-agent@6.0.0"
        }
      },
      "@octokit/auth-oauth-app@5.0.5": {
        "integrity": "sha512-UPX1su6XpseaeLVCi78s9droxpGtBWIgz9XhXAx9VXabksoF0MyI5vaa1zo1njyYt6VaAjFisC2A2Wchcu2WmQ==",
        "dependencies": {
          "@octokit/auth-oauth-device": "@octokit/auth-oauth-device@4.0.4",
          "@octokit/auth-oauth-user": "@octokit/auth-oauth-user@2.1.1",
          "@octokit/request": "@octokit/request@6.2.3",
          "@octokit/types": "@octokit/types@9.0.0",
          "@types/btoa-lite": "@types/btoa-lite@1.0.0",
          "btoa-lite": "btoa-lite@1.0.0",
          "universal-user-agent": "universal-user-agent@6.0.0"
        }
      },
      "@octokit/auth-oauth-device@4.0.4": {
        "integrity": "sha512-Xl85BZYfqCMv+Uvz33nVVUjE7I/PVySNaK6dRRqlkvYcArSr9vRcZC9KVjXYObGRTCN6mISeYdakAZvWEN4+Jw==",
        "dependencies": {
          "@octokit/oauth-methods": "@octokit/oauth-methods@2.0.5",
          "@octokit/request": "@octokit/request@6.2.3",
          "@octokit/types": "@octokit/types@9.0.0",
          "universal-user-agent": "universal-user-agent@6.0.0"
        }
      },
      "@octokit/auth-oauth-user@2.1.1": {
        "integrity": "sha512-JgqnNNPf9CaWLxWm9uh2WgxcaVYhxBR09NVIPTiMU2dVZ3FObOHs3njBiLNw+zq84k+rEdm5Y7AsiASrZ84Apg==",
        "dependencies": {
          "@octokit/auth-oauth-device": "@octokit/auth-oauth-device@4.0.4",
          "@octokit/oauth-methods": "@octokit/oauth-methods@2.0.5",
          "@octokit/request": "@octokit/request@6.2.3",
          "@octokit/types": "@octokit/types@9.0.0",
          "btoa-lite": "btoa-lite@1.0.0",
          "universal-user-agent": "universal-user-agent@6.0.0"
        }
      },
      "@octokit/auth-token@3.0.3": {
        "integrity": "sha512-/aFM2M4HVDBT/jjDBa84sJniv1t9Gm/rLkalaz9htOm+L+8JMj1k9w0CkUdcxNyNxZPlTxKPVko+m1VlM58ZVA==",
        "dependencies": {
          "@octokit/types": "@octokit/types@9.0.0"
        }
      },
      "@octokit/auth-unauthenticated@3.0.4": {
        "integrity": "sha512-AT74XGBylcLr4lmUp1s6mjSUgphGdlse21Qjtv5DzpX1YOl5FXKwvNcZWESdhyBbpDT8VkVyLFqa/7a7eqpPNw==",
        "dependencies": {
          "@octokit/request-error": "@octokit/request-error@3.0.3",
          "@octokit/types": "@octokit/types@9.0.0"
        }
      },
      "@octokit/core@4.2.0": {
        "integrity": "sha512-AgvDRUg3COpR82P7PBdGZF/NNqGmtMq2NiPqeSsDIeCfYFOZ9gddqWNQHnFdEUf+YwOj4aZYmJnlPp7OXmDIDg==",
        "dependencies": {
          "@octokit/auth-token": "@octokit/auth-token@3.0.3",
          "@octokit/graphql": "@octokit/graphql@5.0.5",
          "@octokit/request": "@octokit/request@6.2.3",
          "@octokit/request-error": "@octokit/request-error@3.0.3",
          "@octokit/types": "@octokit/types@9.0.0",
          "before-after-hook": "before-after-hook@2.2.3",
          "universal-user-agent": "universal-user-agent@6.0.0"
        }
      },
      "@octokit/endpoint@7.0.5": {
        "integrity": "sha512-LG4o4HMY1Xoaec87IqQ41TQ+glvIeTKqfjkCEmt5AIwDZJwQeVZFIEYXrYY6yLwK+pAScb9Gj4q+Nz2qSw1roA==",
        "dependencies": {
          "@octokit/types": "@octokit/types@9.0.0",
          "is-plain-object": "is-plain-object@5.0.0",
          "universal-user-agent": "universal-user-agent@6.0.0"
        }
      },
      "@octokit/graphql@5.0.5": {
        "integrity": "sha512-Qwfvh3xdqKtIznjX9lz2D458r7dJPP8l6r4GQkIdWQouZwHQK0mVT88uwiU2bdTU2OtT1uOlKpRciUWldpG0yQ==",
        "dependencies": {
          "@octokit/request": "@octokit/request@6.2.3",
          "@octokit/types": "@octokit/types@9.0.0",
          "universal-user-agent": "universal-user-agent@6.0.0"
        }
      },
      "@octokit/oauth-app@4.2.0": {
        "integrity": "sha512-gyGclT77RQMkVUEW3YBeAKY+LBSc5u3eC9Wn/Uwt3WhuKuu9mrV18EnNpDqmeNll+mdV02yyBROU29Tlili6gg==",
        "dependencies": {
          "@octokit/auth-oauth-app": "@octokit/auth-oauth-app@5.0.5",
          "@octokit/auth-oauth-user": "@octokit/auth-oauth-user@2.1.1",
          "@octokit/auth-unauthenticated": "@octokit/auth-unauthenticated@3.0.4",
          "@octokit/core": "@octokit/core@4.2.0",
          "@octokit/oauth-authorization-url": "@octokit/oauth-authorization-url@5.0.0",
          "@octokit/oauth-methods": "@octokit/oauth-methods@2.0.5",
          "@types/aws-lambda": "@types/aws-lambda@8.10.110",
          "fromentries": "fromentries@1.3.2",
          "universal-user-agent": "universal-user-agent@6.0.0"
        }
      },
      "@octokit/oauth-authorization-url@5.0.0": {
        "integrity": "sha512-y1WhN+ERDZTh0qZ4SR+zotgsQUE1ysKnvBt1hvDRB2WRzYtVKQjn97HEPzoehh66Fj9LwNdlZh+p6TJatT0zzg==",
        "dependencies": {}
      },
      "@octokit/oauth-methods@2.0.5": {
        "integrity": "sha512-yQP6B5gE3axNxuM3U9KqWs/ErAQ+WLPaPgC/7EjsZsQibkf8sjdAfF8/y/EJW+Dd05XQvadX4WhQZPMnO1SE1A==",
        "dependencies": {
          "@octokit/oauth-authorization-url": "@octokit/oauth-authorization-url@5.0.0",
          "@octokit/request": "@octokit/request@6.2.3",
          "@octokit/request-error": "@octokit/request-error@3.0.3",
          "@octokit/types": "@octokit/types@9.0.0",
          "btoa-lite": "btoa-lite@1.0.0"
        }
      },
      "@octokit/openapi-types@16.0.0": {
        "integrity": "sha512-JbFWOqTJVLHZSUUoF4FzAZKYtqdxWu9Z5m2QQnOyEa04fOFljvyh7D3GYKbfuaSWisqehImiVIMG4eyJeP5VEA==",
        "dependencies": {}
      },
      "@octokit/plugin-paginate-rest@6.0.0_@octokit+core@4.2.0": {
        "integrity": "sha512-Sq5VU1PfT6/JyuXPyt04KZNVsFOSBaYOAq2QRZUwzVlI10KFvcbUo8lR258AAQL1Et60b0WuVik+zOWKLuDZxw==",
        "dependencies": {
          "@octokit/core": "@octokit/core@4.2.0",
          "@octokit/types": "@octokit/types@9.0.0"
        }
      },
      "@octokit/plugin-rest-endpoint-methods@7.0.1_@octokit+core@4.2.0": {
        "integrity": "sha512-pnCaLwZBudK5xCdrR823xHGNgqOzRnJ/mpC/76YPpNP7DybdsJtP7mdOwh+wYZxK5jqeQuhu59ogMI4NRlBUvA==",
        "dependencies": {
          "@octokit/core": "@octokit/core@4.2.0",
          "@octokit/types": "@octokit/types@9.0.0",
          "deprecation": "deprecation@2.3.1"
        }
      },
      "@octokit/plugin-retry@4.1.1_@octokit+core@4.2.0": {
        "integrity": "sha512-iR7rg5KRSl6L6RELTQQ3CYeNgeBJyuAmP95odzcQ/zyefnRT/Peo8rWeky4z7V/+/oPWqOL4I5Z+V8KtjpHCJw==",
        "dependencies": {
          "@octokit/core": "@octokit/core@4.2.0",
          "@octokit/types": "@octokit/types@9.0.0",
          "bottleneck": "bottleneck@2.19.5"
        }
      },
      "@octokit/plugin-throttling@5.0.1_@octokit+core@4.2.0": {
        "integrity": "sha512-I4qxs7wYvYlFuY3PAUGWAVPhFXG3RwnvTiSr5Fu/Auz7bYhDLnzS2MjwV8nGLq/FPrWwYiweeZrI5yjs1YG4tQ==",
        "dependencies": {
          "@octokit/core": "@octokit/core@4.2.0",
          "@octokit/types": "@octokit/types@9.0.0",
          "bottleneck": "bottleneck@2.19.5"
        }
      },
      "@octokit/request-error@3.0.3": {
        "integrity": "sha512-crqw3V5Iy2uOU5Np+8M/YexTlT8zxCfI+qu+LxUB7SZpje4Qmx3mub5DfEKSO8Ylyk0aogi6TYdf6kxzh2BguQ==",
        "dependencies": {
          "@octokit/types": "@octokit/types@9.0.0",
          "deprecation": "deprecation@2.3.1",
          "once": "once@1.4.0"
        }
      },
      "@octokit/request@6.2.3": {
        "integrity": "sha512-TNAodj5yNzrrZ/VxP+H5HiYaZep0H3GU0O7PaF+fhDrt8FPrnkei9Aal/txsN/1P7V3CPiThG0tIvpPDYUsyAA==",
        "dependencies": {
          "@octokit/endpoint": "@octokit/endpoint@7.0.5",
          "@octokit/request-error": "@octokit/request-error@3.0.3",
          "@octokit/types": "@octokit/types@9.0.0",
          "is-plain-object": "is-plain-object@5.0.0",
          "node-fetch": "node-fetch@2.6.9",
          "universal-user-agent": "universal-user-agent@6.0.0"
        }
      },
      "@octokit/types@9.0.0": {
        "integrity": "sha512-LUewfj94xCMH2rbD5YJ+6AQ4AVjFYTgpp6rboWM5T7N3IsIF65SBEOVcYMGAEzO/kKNiNaW4LoWtoThOhH06gw==",
        "dependencies": {
          "@octokit/openapi-types": "@octokit/openapi-types@16.0.0"
        }
      },
      "@octokit/webhooks-methods@3.0.2": {
        "integrity": "sha512-Vlnv5WBscf07tyAvfDbp7pTkMZUwk7z7VwEF32x6HqI+55QRwBTcT+D7DDjZXtad/1dU9E32x0HmtDlF9VIRaQ==",
        "dependencies": {}
      },
      "@octokit/webhooks-types@6.10.0": {
        "integrity": "sha512-lDNv83BeEyxxukdQ0UttiUXawk9+6DkdjjFtm2GFED+24IQhTVaoSbwV9vWWKONyGLzRmCQqZmoEWkDhkEmPlw==",
        "dependencies": {}
      },
      "@octokit/webhooks@10.7.0": {
        "integrity": "sha512-zZBbQMpXXnK/ki/utrFG/TuWv9545XCSLibfDTxrYqR1PmU6zel02ebTOrA7t5XIGHzlEOc/NgISUIBUe7pMFA==",
        "dependencies": {
          "@octokit/request-error": "@octokit/request-error@3.0.3",
          "@octokit/webhooks-methods": "@octokit/webhooks-methods@3.0.2",
          "@octokit/webhooks-types": "@octokit/webhooks-types@6.10.0",
          "aggregate-error": "aggregate-error@3.1.0"
        }
      },
      "@types/aws-lambda@8.10.110": {
        "integrity": "sha512-r6egf2Cwv/JaFTTrF9OXFVUB3j/SXTgM9BwrlbBRjWAa2Tu6GWoDoLflppAZ8uSfbUJdXvC7Br3DjuN9pQ2NUQ==",
        "dependencies": {}
      },
      "@types/btoa-lite@1.0.0": {
        "integrity": "sha512-wJsiX1tosQ+J5+bY5LrSahHxr2wT+uME5UDwdN1kg4frt40euqA+wzECkmq4t5QbveHiJepfdThgQrPw6KiSlg==",
        "dependencies": {}
      },
      "@types/jsonwebtoken@9.0.1": {
        "integrity": "sha512-c5ltxazpWabia/4UzhIoaDcIza4KViOQhdbjRlfcIGVnsE3c3brkz9Z+F/EeJIECOQP7W7US2hNE930cWWkPiw==",
        "dependencies": {
          "@types/node": "@types/node@18.11.9"
        }
      },
      "@types/lru-cache@5.1.1": {
        "integrity": "sha512-ssE3Vlrys7sdIzs5LOxCzTVMsU7i9oa/IaW92wF32JFb3CVczqOkru2xspuKczHEbG3nvmPY7IFqVmGGHdNbYw==",
        "dependencies": {}
      },
      "@types/node@18.11.9": {
        "integrity": "sha512-CRpX21/kGdzjOpFsZSkcrXMGIBWMGNIHXXBVFSH+ggkftxg+XYP20TESbh+zFvFj3EQOl5byk0HTRn1IL6hbqg==",
        "dependencies": {}
      },
      "aggregate-error@3.1.0": {
        "integrity": "sha512-4I7Td01quW/RpocfNayFdFVk1qSuoh0E7JrbRJ16nH01HhKFQ88INq9Sd+nd72zqRySlr9BmDA8xlEJ6vJMrYA==",
        "dependencies": {
          "clean-stack": "clean-stack@2.2.0",
          "indent-string": "indent-string@4.0.0"
        }
      },
      "before-after-hook@2.2.3": {
        "integrity": "sha512-NzUnlZexiaH/46WDhANlyR2bXRopNg4F/zuSA3OpZnllCUgRaOF2znDioDWrmbNVsuZk6l9pMquQB38cfBZwkQ==",
        "dependencies": {}
      },
      "bottleneck@2.19.5": {
        "integrity": "sha512-VHiNCbI1lKdl44tGrhNfU3lup0Tj/ZBMJB5/2ZbNXRCPuRCO7ed2mgcK4r17y+KB2EfuYuRaVlwNbAeaWGSpbw==",
        "dependencies": {}
      },
      "btoa-lite@1.0.0": {
        "integrity": "sha512-gvW7InbIyF8AicrqWoptdW08pUxuhq8BEgowNajy9RhiE86fmGAGl+bLKo6oB8QP0CkqHLowfN0oJdKC/J6LbA==",
        "dependencies": {}
      },
      "buffer-equal-constant-time@1.0.1": {
        "integrity": "sha512-zRpUiDwd/xk6ADqPMATG8vc9VPrkck7T07OIx0gnjmJAnHnTVXNQG3vfvWNuiZIkwu9KrKdA1iJKfsfTVxE6NA==",
        "dependencies": {}
      },
      "clean-stack@2.2.0": {
        "integrity": "sha512-4diC9HaTE+KRAMWhDhrGOECgWZxoevMc5TlkObMqNSsVU62PYzXZ/SMTjzyGAFF1YusgxGcSWTEXBhp0CPwQ1A==",
        "dependencies": {}
      },
      "deprecation@2.3.1": {
        "integrity": "sha512-xmHIy4F3scKVwMsQ4WnVaS8bHOx0DmVwRywosKhaILI0ywMDWPtBSku2HNxRvF7jtwDRsoEwYQSfbxj8b7RlJQ==",
        "dependencies": {}
      },
      "ecdsa-sig-formatter@1.0.11": {
        "integrity": "sha512-nagl3RYrbNv6kQkeJIpt6NJZy8twLB/2vtz6yN9Z4vRKHN4/QZJIEbqohALSgwKdnksuY3k5Addp5lg8sVoVcQ==",
        "dependencies": {
          "safe-buffer": "safe-buffer@5.2.1"
        }
      },
      "fromentries@1.3.2": {
        "integrity": "sha512-cHEpEQHUg0f8XdtZCc2ZAhrHzKzT0MrFUTcvx+hfxYu7rGMDc5SKoXFh+n4YigxsHXRzc6OrCshdR1bWH6HHyg==",
        "dependencies": {}
      },
      "indent-string@4.0.0": {
        "integrity": "sha512-EdDDZu4A2OyIK7Lr/2zG+w5jmbuk1DVBnEwREQvBzspBJkCEbRa8GxU1lghYcaGJCnRWibjDXlq779X1/y5xwg==",
        "dependencies": {}
      },
      "is-plain-object@5.0.0": {
        "integrity": "sha512-VRSzKkbMm5jMDoKLbltAkFQ5Qr7VDiTFGXxYFXXowVj387GeGNOCsOH6Msy00SGZ3Fp84b1Naa1psqgcCIEP5Q==",
        "dependencies": {}
      },
      "jsonwebtoken@9.0.0": {
        "integrity": "sha512-tuGfYXxkQGDPnLJ7SibiQgVgeDgfbPq2k2ICcbgqW8WxWLBAxKQM/ZCu/IT8SOSwmaYl4dpTFCW5xZv7YbbWUw==",
        "dependencies": {
          "jws": "jws@3.2.2",
          "lodash": "lodash@4.17.21",
          "ms": "ms@2.1.3",
          "semver": "semver@7.3.8"
        }
      },
      "jwa@1.4.1": {
        "integrity": "sha512-qiLX/xhEEFKUAJ6FiBMbes3w9ATzyk5W7Hvzpa/SLYdxNtng+gcurvrI7TbACjIXlsJyr05/S1oUhZrc63evQA==",
        "dependencies": {
          "buffer-equal-constant-time": "buffer-equal-constant-time@1.0.1",
          "ecdsa-sig-formatter": "ecdsa-sig-formatter@1.0.11",
          "safe-buffer": "safe-buffer@5.2.1"
        }
      },
      "jws@3.2.2": {
        "integrity": "sha512-YHlZCB6lMTllWDtSPHz/ZXTsi8S00usEV6v1tjq8tOUZzw7DpSDWVXjXDre6ed1w/pd495ODpHZYSdkRTsa0HA==",
        "dependencies": {
          "jwa": "jwa@1.4.1",
          "safe-buffer": "safe-buffer@5.2.1"
        }
      },
      "lodash@4.17.21": {
        "integrity": "sha512-v2kDEe57lecTulaDIuNTPy3Ry4gLGJ6Z1O3vE1krgXZNrsQ+LFTGHVxVjcXPs17LhbZVGedAJv8XZ1tvj5FvSg==",
        "dependencies": {}
      },
      "lru-cache@6.0.0": {
        "integrity": "sha512-Jo6dJ04CmSjuznwJSS3pUeWmd/H0ffTlkXXgwZi+eq1UCmqQwCh+eLsYOYCwY991i2Fah4h1BEMCx4qThGbsiA==",
        "dependencies": {
          "yallist": "yallist@4.0.0"
        }
      },
      "ms@2.1.3": {
        "integrity": "sha512-6FlzubTLZG3J2a/NVCAleEhjzq5oxgHyaCU9yYXvcLsvoVaHJq/s5xXI6/XXP6tz7R9xAOtHnSO/tXtF3WRTlA==",
        "dependencies": {}
      },
      "node-fetch@2.6.9": {
        "integrity": "sha512-DJm/CJkZkRjKKj4Zi4BsKVZh3ValV5IR5s7LVZnW+6YMh0W1BfNA8XSs6DLMGYlId5F3KnA70uu2qepcR08Qqg==",
        "dependencies": {
          "whatwg-url": "whatwg-url@5.0.0"
        }
      },
      "octokit@2.0.14_@octokit+core@4.2.0": {
        "integrity": "sha512-z6cgZBFxirpFEQ1La8Lg83GCs5hOV2EPpkYYdjsGNbfQMv8qUGjq294MiRBCbZqLufviakGsPUxaNKe3JrPmsA==",
        "dependencies": {
          "@octokit/app": "@octokit/app@13.1.2_@octokit+core@4.2.0",
          "@octokit/core": "@octokit/core@4.2.0",
          "@octokit/oauth-app": "@octokit/oauth-app@4.2.0",
          "@octokit/plugin-paginate-rest": "@octokit/plugin-paginate-rest@6.0.0_@octokit+core@4.2.0",
          "@octokit/plugin-rest-endpoint-methods": "@octokit/plugin-rest-endpoint-methods@7.0.1_@octokit+core@4.2.0",
          "@octokit/plugin-retry": "@octokit/plugin-retry@4.1.1_@octokit+core@4.2.0",
          "@octokit/plugin-throttling": "@octokit/plugin-throttling@5.0.1_@octokit+core@4.2.0",
          "@octokit/types": "@octokit/types@9.0.0"
        }
      },
      "once@1.4.0": {
        "integrity": "sha512-lNaJgI+2Q5URQBkccEKHTQOPaXdUxnZZElQTZY0MFUAuaEqe1E+Nyvgdz/aIyNi6Z9MzO5dv1H8n58/GELp3+w==",
        "dependencies": {
          "wrappy": "wrappy@1.0.2"
        }
      },
      "pretty-bytes@6.1.0": {
        "integrity": "sha512-Rk753HI8f4uivXi4ZCIYdhmG1V+WKzvRMg/X+M42a6t7D07RcmopXJMDNk6N++7Bl75URRGsb40ruvg7Hcp2wQ==",
        "dependencies": {}
      },
      "safe-buffer@5.2.1": {
        "integrity": "sha512-rp3So07KcdmmKbGvgaNxQSJr7bGVSVk5S9Eq1F+ppbRo70+YeaDxkw5Dd8NPN+GD6bjnYm2VuPuCXmpuYvmCXQ==",
        "dependencies": {}
      },
      "semver@7.3.8": {
        "integrity": "sha512-NB1ctGL5rlHrPJtFDVIVzTyQylMLu9N9VICA6HSFJo8MCGVTMW6gfpicwKmmK/dAjTOrqu5l63JJOpDSrAis3A==",
        "dependencies": {
          "lru-cache": "lru-cache@6.0.0"
        }
      },
      "tr46@0.0.3": {
        "integrity": "sha512-N3WMsuqV66lT30CrXNbEjx4GEwlow3v6rr4mCcv6prnfwhS01rkgyFdjPNBYd9br7LpXV1+Emh01fHnq2Gdgrw==",
        "dependencies": {}
      },
      "universal-github-app-jwt@1.1.1": {
        "integrity": "sha512-G33RTLrIBMFmlDV4u4CBF7dh71eWwykck4XgaxaIVeZKOYZRAAxvcGMRFTUclVY6xoUPQvO4Ne5wKGxYm/Yy9w==",
        "dependencies": {
          "@types/jsonwebtoken": "@types/jsonwebtoken@9.0.1",
          "jsonwebtoken": "jsonwebtoken@9.0.0"
        }
      },
      "universal-user-agent@6.0.0": {
        "integrity": "sha512-isyNax3wXoKaulPDZWHQqbmIx1k2tb9fb3GGDBRxCscfYV2Ch7WxPArBsFEG8s/safwXTT7H4QGhaIkTp9447w==",
        "dependencies": {}
      },
      "webidl-conversions@3.0.1": {
        "integrity": "sha512-2JAn3z8AR6rjK8Sm8orRC0h/bcl/DqL7tRPdGZ4I1CjdF+EaMLmYxBHyXuKL849eucPFhvBoxMsflfOb8kxaeQ==",
        "dependencies": {}
      },
      "whatwg-url@5.0.0": {
        "integrity": "sha512-saE57nupxk6v3HY35+jzBwYa0rKSy0XR8JSxZPwgLr7ys0IBzhGviA1/TUGJLmSVqs8pb9AnvICXEuOHLprYTw==",
        "dependencies": {
          "tr46": "tr46@0.0.3",
          "webidl-conversions": "webidl-conversions@3.0.1"
        }
      },
      "wrappy@1.0.2": {
        "integrity": "sha512-l4Sp/DRseor9wL6EvV2+TuQn63dMkPjZ/sp9XkghTEbV9KlPS1xUsZ3u7/IQO4wxtcFB4bgpQPRcR3QCvezPcQ==",
        "dependencies": {}
      },
      "yallist@4.0.0": {
        "integrity": "sha512-3wdGidZyq5PB084XLES5TpOSRA3wjXAlIWMhum2kRcv/41Sn2emQ0dycQW4uZXLejwKvg6EsvbdlVL+FYEct7A==",
        "dependencies": {}
      },
      "zod@3.19.1": {
        "integrity": "sha512-LYjZsEDhCdYET9ikFu6dVPGp2YH9DegXjdJToSzD9rO6fy4qiRYFoyEYwps88OseJlPyl2NOe2iJuhEhL7IpEA==",
        "dependencies": {}
      }
    }
  }
}
