{
  "version": "2",
  "remote": {
    "https://cdn.skypack.dev/-/@octokit/app@v13.0.6-TJjDeKvxPvbl0pdkYuhO/dist=es2019,mode=imports/optimized/@octokit/app.js": "b479d9006e7035504c5c23bc7d274ae9f1b2750dea0f562fdcefe613b662ffd6",
    "https://cdn.skypack.dev/-/@octokit/auth-app@v4.0.5-bF5dI8yEWtArBlng5ZIE/dist=es2019,mode=imports/optimized/@octokit/auth-app.js": "8f2485285a89c8e78cbfc8b3a026194c22f57f24c535adef04f3a7f6a4b3d046",
    "https://cdn.skypack.dev/-/@octokit/auth-oauth-app@v5.0.1-JQuo2KaQg0XAOwq0Z5fV/dist=es2019,mode=imports/optimized/@octokit/auth-oauth-app.js": "ca4d1acc9f7b42a77c47c1ffea46baa77abaebc79910bbae19fe3139f5184607",
    "https://cdn.skypack.dev/-/@octokit/auth-oauth-device@v4.0.0-21ZvEdd1SS8HlgfjSRX3/dist=es2019,mode=imports/optimized/@octokit/auth-oauth-device.js": "8b1ec39136e10d4ef35d6f95750fe2d5b312d4beb6a8adf63d6ca9d55b65468a",
    "https://cdn.skypack.dev/-/@octokit/auth-oauth-user@v2.0.1-BDgyL4jr6hFRG6KaJ4bB/dist=es2019,mode=imports/optimized/@octokit/auth-oauth-user.js": "7e6f00853bcbcc62d35f6e33e659a5184b5f26c9556c4887e51426c96159475c",
    "https://cdn.skypack.dev/-/@octokit/auth-oauth-user@v2.0.3-H76HxwXbCs24vGEsPs90/dist=es2019,mode=imports/optimized/@octokit/auth-oauth-user.js": "f9f0abbc204e38055156f5f1cfcdabb2565becf2fad3eeabc4e16f8539e974a7",
    "https://cdn.skypack.dev/-/@octokit/auth-token@v3.0.0-WuYAgrf6nieRcRqBKsDm/dist=es2019,mode=imports/optimized/@octokit/auth-token.js": "5247df74f0bd63d994d1ab5b52265761cf2eb1b67f12171a030ebef4027d5eb6",
    "https://cdn.skypack.dev/-/@octokit/auth-unauthenticated@v3.0.1-IwqOq4Mxao1eQyyubO7h/dist=es2019,mode=imports/optimized/@octokit/auth-unauthenticated.js": "6137d8bfb4fe4e2e916f657d10e1ce52050df5cd9104a38c119a4586a77edbc9",
    "https://cdn.skypack.dev/-/@octokit/core@v4.0.4-hwgV7PzMcg3O1yYJZjEW/dist=es2019,mode=imports/optimized/@octokit/core.js": "b70c6279999c948ef9d9f15878a3fb3a59d393e58a462beb8f5a945adffa55ae",
    "https://cdn.skypack.dev/-/@octokit/core@v4.0.5-DCTGyLHthf6deTvrXINL/dist=es2019,mode=types/dist-types/index.d.ts": "f929b9e5f68825a63669842e69df912b6acb97baace85443f12790ae071bac70",
    "https://cdn.skypack.dev/-/@octokit/core@v4.0.5-DCTGyLHthf6deTvrXINL/dist=es2019,mode=types/dist-types/types.d.ts": "6d481bad230d200c4303f8d31ac2710c3c9eeead8c80ed3e977e798f68bae700",
    "https://cdn.skypack.dev/-/@octokit/endpoint@v6.0.12-uRrGy3NGbXOw4pbkNPpd/dist=es2019,mode=imports/optimized/@octokit/endpoint.js": "c446189a38ca8fad5137feec7ec6c16b9964783e8563a007894e459d56844dc9",
    "https://cdn.skypack.dev/-/@octokit/endpoint@v7.0.0-BBk8IA1IZH4Up0KLG2rH/dist=es2019,mode=imports/optimized/@octokit/endpoint.js": "d5b1a2fa37a596dd6dbe723386702d37f5c3589f8ed9d2ef566c2a7f61f1d18b",
    "https://cdn.skypack.dev/-/@octokit/graphql@v5.0.0-og38x9UCxfOFqy1S5nAJ/dist=es2019,mode=imports/optimized/@octokit/graphql.js": "95a38cf337c94c9ca885de4a9f19275ecae1a96bf04b754aa472496c7391d1e4",
    "https://cdn.skypack.dev/-/@octokit/graphql@v5.0.1-tFqFBBjqovMhaeUYxj1b/dist=es2019,mode=types/dist-types/error.d.ts": "311974ee411605ceb72168cb3ceb4d6ce6f66da9382ed65c66cb59c92b23ebb3",
    "https://cdn.skypack.dev/-/@octokit/graphql@v5.0.1-tFqFBBjqovMhaeUYxj1b/dist=es2019,mode=types/dist-types/index.d.ts": "428eefaf08a9a953bce4411f224f0198dfa9f5fef04e0060d47b2fb49d1ca7f4",
    "https://cdn.skypack.dev/-/@octokit/graphql@v5.0.1-tFqFBBjqovMhaeUYxj1b/dist=es2019,mode=types/dist-types/types.d.ts": "6c673f089370690796f18dc0aca6ff0affba9c87e562dcbb39f4029ea90865bf",
    "https://cdn.skypack.dev/-/@octokit/oauth-app@v4.0.6-FzfXcyAyFDbi5oTp61Px/dist=es2019,mode=imports/optimized/@octokit/oauth-app.js": "e189ab9fa785fd635ac3d6de41fe27a8dbdc2b8d34063f7f401d9e90f32246d6",
    "https://cdn.skypack.dev/-/@octokit/oauth-authorization-url@v4.3.3-Mh9tTwk7N9mGr7h7C47T/dist=es2019,mode=imports/optimized/@octokit/oauth-authorization-url.js": "3f5f32b65697d43eb0bea5ed84abacb86b7e197d779982eb897ee5e520c4f6bb",
    "https://cdn.skypack.dev/-/@octokit/oauth-authorization-url@v5.0.0-5uWV8VYCvdtPxRacE2TN/dist=es2019,mode=imports/optimized/@octokit/oauth-authorization-url.js": "3f5f32b65697d43eb0bea5ed84abacb86b7e197d779982eb897ee5e520c4f6bb",
    "https://cdn.skypack.dev/-/@octokit/oauth-methods@v1.2.6-FThqoNDFcCzfCVtV2Z8C/dist=es2019,mode=imports/optimized/@octokit/oauth-methods.js": "eed75a4f9a1a7417e09cf34582d22dae886516fc35ced4eb8050042c9a21c0f1",
    "https://cdn.skypack.dev/-/@octokit/oauth-methods@v2.0.2-l7qL9teeniXEXhj7gK0c/dist=es2019,mode=imports/optimized/@octokit/oauth-methods.js": "9cdd3f9e406197a2aaf6292867ed7885c4bd36fbeeac097536414657cb9bf89d",
    "https://cdn.skypack.dev/-/@octokit/openapi-types@v12.7.0-PMxuXsCBkPkaTk1PnXbO/dist=es2019,mode=types/types.d.ts": "dee8c3e73e07912efb58fc18a8ac747485f71dcff78b960021e2d98e3d6d4668",
    "https://cdn.skypack.dev/-/@octokit/openapi-types@v13.0.0-uKoTLywMCEkso6pc1AVt/dist=es2019,mode=types/types.d.ts": "b739d12f0a0263b7ac9bf057ee17be0755945a225189febec6de54a3db1b7748",
    "https://cdn.skypack.dev/-/@octokit/openapi-types@v13.9.1-D1jm4RRLfPXXTM5moxdc/dist=es2019,mode=types/types.d.ts": "e4adcc08b46a39b1066289b5c3fa31185ca2ef21898c2336358e0cef0d607656",
    "https://cdn.skypack.dev/-/@octokit/plugin-paginate-rest@v4.0.0-imRUgmDiFie01stPxvun/dist=es2019,mode=imports/optimized/@octokit/plugin-paginate-rest.js": "2c0bdeffeca63571552dd0ef42eee6bbf8dd18d9de044292a3ed3f3a0aeebb39",
    "https://cdn.skypack.dev/-/@octokit/plugin-rest-endpoint-methods@v6.3.0-HMXkZkiSDYrYk0rpavKa/dist=es2019,mode=imports/optimized/@octokit/plugin-rest-endpoint-methods.js": "defd0cc42745dd9adc3c3db70a214e4b25fc67ff5a8b62efdd8fe24e29daf86c",
    "https://cdn.skypack.dev/-/@octokit/plugin-rest-endpoint-methods@v6.5.2-3OmNSzdLC0lLkyUuL6PY/dist=es2019,mode=imports/optimized/@octokit/plugin-rest-endpoint-methods.js": "3ebc1960b6803d31c47ee52bc38afff51faf83d1952ff6c33a7b92020bf3ede3",
    "https://cdn.skypack.dev/-/@octokit/plugin-rest-endpoint-methods@v6.5.2-3OmNSzdLC0lLkyUuL6PY/dist=es2019,mode=types/dist-types/generated/method-types.d.ts": "f3ad53fcca5057b0853699d94544c2fe65e5026c7ab2ce255a189a69012832ac",
    "https://cdn.skypack.dev/-/@octokit/plugin-rest-endpoint-methods@v6.5.2-3OmNSzdLC0lLkyUuL6PY/dist=es2019,mode=types/dist-types/generated/parameters-and-response-types.d.ts": "becfc1689f56568cafd75ed3221fa6c0156c33ee4e7e1f7efd7c140e9b7b29a5",
    "https://cdn.skypack.dev/-/@octokit/plugin-rest-endpoint-methods@v6.5.2-3OmNSzdLC0lLkyUuL6PY/dist=es2019,mode=types/dist-types/index.d.ts": "b001721c37be38450b2caa461978b399feb279ba483a612805b263b11f0d01a0",
    "https://cdn.skypack.dev/-/@octokit/plugin-rest-endpoint-methods@v6.5.2-3OmNSzdLC0lLkyUuL6PY/dist=es2019,mode=types/dist-types/types.d.ts": "e8bc0d6b2b154aa8e135d6567c756d6508fa43d0032aeee257a712fa0d9efe76",
    "https://cdn.skypack.dev/-/@octokit/plugin-retry@v3.0.9-2RM00ykCcKD5YkZJyfHk/dist=es2019,mode=imports/optimized/@octokit/plugin-retry.js": "5caeb62251e52da5ac29992c41279eac002cadde7e6998aef3806cb56df4845d",
    "https://cdn.skypack.dev/-/@octokit/plugin-throttling@v4.1.1-bH5dADWatsnmb9gtn2gK/dist=es2019,mode=imports/optimized/@octokit/plugin-throttling.js": "9349acfb6d55ed29c482db267c875dbed7ff84b5597293ddf58b932e3340290a",
    "https://cdn.skypack.dev/-/@octokit/request-error@v2.1.0-eEdMdUdHjpMHPFvA4aCp/dist=es2019,mode=imports/optimized/@octokit/request-error.js": "72409dbe6dabfeed08701e925eb837aa7965c58cdeed3dcedd345d0037965837",
    "https://cdn.skypack.dev/-/@octokit/request-error@v3.0.0-BcvKKAt0S3LP5SlMLpJZ/dist=es2019,mode=imports/optimized/@octokit/request-error.js": "72409dbe6dabfeed08701e925eb837aa7965c58cdeed3dcedd345d0037965837",
    "https://cdn.skypack.dev/-/@octokit/request-error@v3.0.1-jQxWMiDE62mP2cyoSEDi/dist=es2019,mode=types/dist-types/index.d.ts": "c988e51daf4dbae1197b8287c8ebe96a73cd0222e70dbabdf2f07b3f7ca52b91",
    "https://cdn.skypack.dev/-/@octokit/request-error@v3.0.1-jQxWMiDE62mP2cyoSEDi/dist=es2019,mode=types/dist-types/types.d.ts": "28fce00d3f960e8470c4769ec9542ea982f92d1bffe4a1361962627314a8ff95",
    "https://cdn.skypack.dev/-/@octokit/request@v5.6.3-8MiyZSoy8B73C1K9nYC8/dist=es2019,mode=imports/optimized/@octokit/request.js": "f118ddba5422f667538941a8e18870e5faf9066dd235c0548f539bc555f0b0b3",
    "https://cdn.skypack.dev/-/@octokit/request@v6.0.1-rQnUxH7bEDeCW9jn9uoR/dist=es2019,mode=imports/optimized/@octokit/request.js": "09bedcdfb84100a7df66847f7c432b93c09305017c87ae3e0bfe29fe4620be3e",
    "https://cdn.skypack.dev/-/@octokit/request@v6.0.2-bqAQLtM89mFJkDYxoYIX/dist=es2019,mode=imports/optimized/@octokit/request.js": "9a10a249a358f0b7ee8c75d427cf7ecb5f64827262de66f5726a73c62d490a11",
    "https://cdn.skypack.dev/-/@octokit/request@v6.2.0-q5zDfQxDJi3pZbyD3Pga/dist=es2019,mode=imports/optimized/@octokit/request.js": "353fb43f81e1d47d30cd0ce0f6e3826f3250deba2550375f98d5bd92df48019e",
    "https://cdn.skypack.dev/-/@octokit/request@v6.2.0-q5zDfQxDJi3pZbyD3Pga/dist=es2019,mode=types/dist-types/index.d.ts": "7812d1f083814806448da88d65baa8c1b108b2935fa7f2fba5dd449dce268bca",
    "https://cdn.skypack.dev/-/@octokit/request@v6.2.1-nNBYVdjyDnH6n0gpygNS/dist=es2019,mode=types/dist-types/index.d.ts": "d06f448e0006e057124d0abc495fb16e102dc6504988f5a6e67521c52984901f",
    "https://cdn.skypack.dev/-/@octokit/types@v6.39.0-1zAdS1ERP9TsZnpqzUEL/dist=es2019,mode=types/dist-types/AuthInterface.d.ts": "8572de0d5253e0f22b693942c425e94324d5a2aede690d1003c799028edf3caa",
    "https://cdn.skypack.dev/-/@octokit/types@v6.39.0-1zAdS1ERP9TsZnpqzUEL/dist=es2019,mode=types/dist-types/EndpointDefaults.d.ts": "8574e3d00f60c5bc2ae903e9404281f4fde55be7ba0cc7d28a25193346ce4de2",
    "https://cdn.skypack.dev/-/@octokit/types@v6.39.0-1zAdS1ERP9TsZnpqzUEL/dist=es2019,mode=types/dist-types/EndpointInterface.d.ts": "9dde10f9de2b477a9540ce6becfb1a7fef16150bada03e97544fe5fbcf6526cd",
    "https://cdn.skypack.dev/-/@octokit/types@v6.39.0-1zAdS1ERP9TsZnpqzUEL/dist=es2019,mode=types/dist-types/EndpointOptions.d.ts": "6c4aa1bd879508bac9a852241bf12df46e26bea480eb01f73796b41a2bc88b59",
    "https://cdn.skypack.dev/-/@octokit/types@v6.39.0-1zAdS1ERP9TsZnpqzUEL/dist=es2019,mode=types/dist-types/Fetch.d.ts": "af628c57e9826fbe767ae6afbffa7b197405a8c53ba6197bb32e806d35c1ca8f",
    "https://cdn.skypack.dev/-/@octokit/types@v6.39.0-1zAdS1ERP9TsZnpqzUEL/dist=es2019,mode=types/dist-types/GetResponseTypeFromEndpointMethod.d.ts": "7a50f76e773ead4a34b5308879130da83192040ef6dafc5f18570ff6ad2bda61",
    "https://cdn.skypack.dev/-/@octokit/types@v6.39.0-1zAdS1ERP9TsZnpqzUEL/dist=es2019,mode=types/dist-types/OctokitResponse.d.ts": "6eae800c106a3bdbe715aa529a5da5095412660499d1ae30af2006c37a856bf1",
    "https://cdn.skypack.dev/-/@octokit/types@v6.39.0-1zAdS1ERP9TsZnpqzUEL/dist=es2019,mode=types/dist-types/RequestError.d.ts": "74fd4b09963df6d2a1c94b653199c48d5a578164517a7ae27ff86771662f6764",
    "https://cdn.skypack.dev/-/@octokit/types@v6.39.0-1zAdS1ERP9TsZnpqzUEL/dist=es2019,mode=types/dist-types/RequestHeaders.d.ts": "a9cdd476c9e36aa3bf4212f4337254f2f2676506aabb6f7d8f6db50490d25c33",
    "https://cdn.skypack.dev/-/@octokit/types@v6.39.0-1zAdS1ERP9TsZnpqzUEL/dist=es2019,mode=types/dist-types/RequestInterface.d.ts": "2b618fa2944c1c017729621149f3f8367a9adf0cc80ea43f009d561be0462334",
    "https://cdn.skypack.dev/-/@octokit/types@v6.39.0-1zAdS1ERP9TsZnpqzUEL/dist=es2019,mode=types/dist-types/RequestMethod.d.ts": "54160aaec4f72e2045e7341301c096344b9e5162a1e48333a531117af5938713",
    "https://cdn.skypack.dev/-/@octokit/types@v6.39.0-1zAdS1ERP9TsZnpqzUEL/dist=es2019,mode=types/dist-types/RequestOptions.d.ts": "2f984d3e5fade22b3b2d95dfd96e95ff6a26bea4eb481e374d648ce164522172",
    "https://cdn.skypack.dev/-/@octokit/types@v6.39.0-1zAdS1ERP9TsZnpqzUEL/dist=es2019,mode=types/dist-types/RequestParameters.d.ts": "91202ed89b37f45a577d72fb1bca150a85f57cb3799e87eacb2bfe4e6cbf2c3d",
    "https://cdn.skypack.dev/-/@octokit/types@v6.39.0-1zAdS1ERP9TsZnpqzUEL/dist=es2019,mode=types/dist-types/RequestRequestOptions.d.ts": "b6a67029dfab43cf2eeb88538719e0796f64baf891a5e06c9f34b2f9d331c4f5",
    "https://cdn.skypack.dev/-/@octokit/types@v6.39.0-1zAdS1ERP9TsZnpqzUEL/dist=es2019,mode=types/dist-types/ResponseHeaders.d.ts": "7f7aa3e938180da966143e16c4686c7eb2ab8d0f762f038648e1cc6577e1d52e",
    "https://cdn.skypack.dev/-/@octokit/types@v6.39.0-1zAdS1ERP9TsZnpqzUEL/dist=es2019,mode=types/dist-types/Route.d.ts": "2c574466b0d7ded0bfedaea3660d8f008cefa06db748d79274b4aaea46564763",
    "https://cdn.skypack.dev/-/@octokit/types@v6.39.0-1zAdS1ERP9TsZnpqzUEL/dist=es2019,mode=types/dist-types/Signal.d.ts": "76b87f8b5d13712d3fc53a231be1664c4071186120624f2ae1b5bf3db6c7b502",
    "https://cdn.skypack.dev/-/@octokit/types@v6.39.0-1zAdS1ERP9TsZnpqzUEL/dist=es2019,mode=types/dist-types/StrategyInterface.d.ts": "5bd1f80c2ad3d97b86125fe945a1638f62a0039007520091a29bd9d2f4086381",
    "https://cdn.skypack.dev/-/@octokit/types@v6.39.0-1zAdS1ERP9TsZnpqzUEL/dist=es2019,mode=types/dist-types/Url.d.ts": "3f0d8705992ebf25221e0d3f72d496bbcebacb47c2b6ee90f4de66d760ee9152",
    "https://cdn.skypack.dev/-/@octokit/types@v6.39.0-1zAdS1ERP9TsZnpqzUEL/dist=es2019,mode=types/dist-types/VERSION.d.ts": "81f366bba26e53f4f377050038b1ed291b744023c3bcf38d738b9576d8ff7470",
    "https://cdn.skypack.dev/-/@octokit/types@v6.39.0-1zAdS1ERP9TsZnpqzUEL/dist=es2019,mode=types/dist-types/generated/Endpoints.d.ts": "52ec7c9de1c3b8267adb426b1ec63b4c95e8bb309ea7198399d4abfec3fd9993",
    "https://cdn.skypack.dev/-/@octokit/types@v6.39.0-1zAdS1ERP9TsZnpqzUEL/dist=es2019,mode=types/dist-types/index.d.ts": "11b20e22a2ac28f91758c4615719da3200d65868c8c7fd2f83a0506dd03a95f2",
    "https://cdn.skypack.dev/-/@octokit/types@v7.0.0-wyPv2mlf05ECt56D9nmz/dist=es2019,mode=types/dist-types/AuthInterface.d.ts": "8572de0d5253e0f22b693942c425e94324d5a2aede690d1003c799028edf3caa",
    "https://cdn.skypack.dev/-/@octokit/types@v7.0.0-wyPv2mlf05ECt56D9nmz/dist=es2019,mode=types/dist-types/EndpointDefaults.d.ts": "8574e3d00f60c5bc2ae903e9404281f4fde55be7ba0cc7d28a25193346ce4de2",
    "https://cdn.skypack.dev/-/@octokit/types@v7.0.0-wyPv2mlf05ECt56D9nmz/dist=es2019,mode=types/dist-types/EndpointInterface.d.ts": "9dde10f9de2b477a9540ce6becfb1a7fef16150bada03e97544fe5fbcf6526cd",
    "https://cdn.skypack.dev/-/@octokit/types@v7.0.0-wyPv2mlf05ECt56D9nmz/dist=es2019,mode=types/dist-types/EndpointOptions.d.ts": "6c4aa1bd879508bac9a852241bf12df46e26bea480eb01f73796b41a2bc88b59",
    "https://cdn.skypack.dev/-/@octokit/types@v7.0.0-wyPv2mlf05ECt56D9nmz/dist=es2019,mode=types/dist-types/Fetch.d.ts": "af628c57e9826fbe767ae6afbffa7b197405a8c53ba6197bb32e806d35c1ca8f",
    "https://cdn.skypack.dev/-/@octokit/types@v7.0.0-wyPv2mlf05ECt56D9nmz/dist=es2019,mode=types/dist-types/GetResponseTypeFromEndpointMethod.d.ts": "7a50f76e773ead4a34b5308879130da83192040ef6dafc5f18570ff6ad2bda61",
    "https://cdn.skypack.dev/-/@octokit/types@v7.0.0-wyPv2mlf05ECt56D9nmz/dist=es2019,mode=types/dist-types/OctokitResponse.d.ts": "6eae800c106a3bdbe715aa529a5da5095412660499d1ae30af2006c37a856bf1",
    "https://cdn.skypack.dev/-/@octokit/types@v7.0.0-wyPv2mlf05ECt56D9nmz/dist=es2019,mode=types/dist-types/RequestError.d.ts": "74fd4b09963df6d2a1c94b653199c48d5a578164517a7ae27ff86771662f6764",
    "https://cdn.skypack.dev/-/@octokit/types@v7.0.0-wyPv2mlf05ECt56D9nmz/dist=es2019,mode=types/dist-types/RequestHeaders.d.ts": "a9cdd476c9e36aa3bf4212f4337254f2f2676506aabb6f7d8f6db50490d25c33",
    "https://cdn.skypack.dev/-/@octokit/types@v7.0.0-wyPv2mlf05ECt56D9nmz/dist=es2019,mode=types/dist-types/RequestInterface.d.ts": "2b618fa2944c1c017729621149f3f8367a9adf0cc80ea43f009d561be0462334",
    "https://cdn.skypack.dev/-/@octokit/types@v7.0.0-wyPv2mlf05ECt56D9nmz/dist=es2019,mode=types/dist-types/RequestMethod.d.ts": "54160aaec4f72e2045e7341301c096344b9e5162a1e48333a531117af5938713",
    "https://cdn.skypack.dev/-/@octokit/types@v7.0.0-wyPv2mlf05ECt56D9nmz/dist=es2019,mode=types/dist-types/RequestOptions.d.ts": "2f984d3e5fade22b3b2d95dfd96e95ff6a26bea4eb481e374d648ce164522172",
    "https://cdn.skypack.dev/-/@octokit/types@v7.0.0-wyPv2mlf05ECt56D9nmz/dist=es2019,mode=types/dist-types/RequestParameters.d.ts": "91202ed89b37f45a577d72fb1bca150a85f57cb3799e87eacb2bfe4e6cbf2c3d",
    "https://cdn.skypack.dev/-/@octokit/types@v7.0.0-wyPv2mlf05ECt56D9nmz/dist=es2019,mode=types/dist-types/RequestRequestOptions.d.ts": "b6a67029dfab43cf2eeb88538719e0796f64baf891a5e06c9f34b2f9d331c4f5",
    "https://cdn.skypack.dev/-/@octokit/types@v7.0.0-wyPv2mlf05ECt56D9nmz/dist=es2019,mode=types/dist-types/ResponseHeaders.d.ts": "7f7aa3e938180da966143e16c4686c7eb2ab8d0f762f038648e1cc6577e1d52e",
    "https://cdn.skypack.dev/-/@octokit/types@v7.0.0-wyPv2mlf05ECt56D9nmz/dist=es2019,mode=types/dist-types/Route.d.ts": "2c574466b0d7ded0bfedaea3660d8f008cefa06db748d79274b4aaea46564763",
    "https://cdn.skypack.dev/-/@octokit/types@v7.0.0-wyPv2mlf05ECt56D9nmz/dist=es2019,mode=types/dist-types/Signal.d.ts": "76b87f8b5d13712d3fc53a231be1664c4071186120624f2ae1b5bf3db6c7b502",
    "https://cdn.skypack.dev/-/@octokit/types@v7.0.0-wyPv2mlf05ECt56D9nmz/dist=es2019,mode=types/dist-types/StrategyInterface.d.ts": "5bd1f80c2ad3d97b86125fe945a1638f62a0039007520091a29bd9d2f4086381",
    "https://cdn.skypack.dev/-/@octokit/types@v7.0.0-wyPv2mlf05ECt56D9nmz/dist=es2019,mode=types/dist-types/Url.d.ts": "3f0d8705992ebf25221e0d3f72d496bbcebacb47c2b6ee90f4de66d760ee9152",
    "https://cdn.skypack.dev/-/@octokit/types@v7.0.0-wyPv2mlf05ECt56D9nmz/dist=es2019,mode=types/dist-types/VERSION.d.ts": "89247e6450cb8bf4fe520bd514c7c0a1058f3da55449113d0a362ba1c50f8e70",
    "https://cdn.skypack.dev/-/@octokit/types@v7.0.0-wyPv2mlf05ECt56D9nmz/dist=es2019,mode=types/dist-types/generated/Endpoints.d.ts": "63f1522d9ad46fa2a8e2021b3420cf0e3ec2cc3c4f87f94dc7caea28f9002f1d",
    "https://cdn.skypack.dev/-/@octokit/types@v7.0.0-wyPv2mlf05ECt56D9nmz/dist=es2019,mode=types/dist-types/index.d.ts": "11b20e22a2ac28f91758c4615719da3200d65868c8c7fd2f83a0506dd03a95f2",
    "https://cdn.skypack.dev/-/@octokit/types@v7.3.1-s1x3cT7ZQWO4J1nbLbVQ/dist=es2019,mode=types/dist-types/AuthInterface.d.ts": "8572de0d5253e0f22b693942c425e94324d5a2aede690d1003c799028edf3caa",
    "https://cdn.skypack.dev/-/@octokit/types@v7.3.1-s1x3cT7ZQWO4J1nbLbVQ/dist=es2019,mode=types/dist-types/EndpointDefaults.d.ts": "8574e3d00f60c5bc2ae903e9404281f4fde55be7ba0cc7d28a25193346ce4de2",
    "https://cdn.skypack.dev/-/@octokit/types@v7.3.1-s1x3cT7ZQWO4J1nbLbVQ/dist=es2019,mode=types/dist-types/EndpointInterface.d.ts": "9dde10f9de2b477a9540ce6becfb1a7fef16150bada03e97544fe5fbcf6526cd",
    "https://cdn.skypack.dev/-/@octokit/types@v7.3.1-s1x3cT7ZQWO4J1nbLbVQ/dist=es2019,mode=types/dist-types/EndpointOptions.d.ts": "6c4aa1bd879508bac9a852241bf12df46e26bea480eb01f73796b41a2bc88b59",
    "https://cdn.skypack.dev/-/@octokit/types@v7.3.1-s1x3cT7ZQWO4J1nbLbVQ/dist=es2019,mode=types/dist-types/Fetch.d.ts": "af628c57e9826fbe767ae6afbffa7b197405a8c53ba6197bb32e806d35c1ca8f",
    "https://cdn.skypack.dev/-/@octokit/types@v7.3.1-s1x3cT7ZQWO4J1nbLbVQ/dist=es2019,mode=types/dist-types/GetResponseTypeFromEndpointMethod.d.ts": "7a50f76e773ead4a34b5308879130da83192040ef6dafc5f18570ff6ad2bda61",
    "https://cdn.skypack.dev/-/@octokit/types@v7.3.1-s1x3cT7ZQWO4J1nbLbVQ/dist=es2019,mode=types/dist-types/OctokitResponse.d.ts": "6eae800c106a3bdbe715aa529a5da5095412660499d1ae30af2006c37a856bf1",
    "https://cdn.skypack.dev/-/@octokit/types@v7.3.1-s1x3cT7ZQWO4J1nbLbVQ/dist=es2019,mode=types/dist-types/RequestError.d.ts": "74fd4b09963df6d2a1c94b653199c48d5a578164517a7ae27ff86771662f6764",
    "https://cdn.skypack.dev/-/@octokit/types@v7.3.1-s1x3cT7ZQWO4J1nbLbVQ/dist=es2019,mode=types/dist-types/RequestHeaders.d.ts": "a9cdd476c9e36aa3bf4212f4337254f2f2676506aabb6f7d8f6db50490d25c33",
    "https://cdn.skypack.dev/-/@octokit/types@v7.3.1-s1x3cT7ZQWO4J1nbLbVQ/dist=es2019,mode=types/dist-types/RequestInterface.d.ts": "2b618fa2944c1c017729621149f3f8367a9adf0cc80ea43f009d561be0462334",
    "https://cdn.skypack.dev/-/@octokit/types@v7.3.1-s1x3cT7ZQWO4J1nbLbVQ/dist=es2019,mode=types/dist-types/RequestMethod.d.ts": "54160aaec4f72e2045e7341301c096344b9e5162a1e48333a531117af5938713",
    "https://cdn.skypack.dev/-/@octokit/types@v7.3.1-s1x3cT7ZQWO4J1nbLbVQ/dist=es2019,mode=types/dist-types/RequestOptions.d.ts": "2f984d3e5fade22b3b2d95dfd96e95ff6a26bea4eb481e374d648ce164522172",
    "https://cdn.skypack.dev/-/@octokit/types@v7.3.1-s1x3cT7ZQWO4J1nbLbVQ/dist=es2019,mode=types/dist-types/RequestParameters.d.ts": "91202ed89b37f45a577d72fb1bca150a85f57cb3799e87eacb2bfe4e6cbf2c3d",
    "https://cdn.skypack.dev/-/@octokit/types@v7.3.1-s1x3cT7ZQWO4J1nbLbVQ/dist=es2019,mode=types/dist-types/RequestRequestOptions.d.ts": "b6a67029dfab43cf2eeb88538719e0796f64baf891a5e06c9f34b2f9d331c4f5",
    "https://cdn.skypack.dev/-/@octokit/types@v7.3.1-s1x3cT7ZQWO4J1nbLbVQ/dist=es2019,mode=types/dist-types/ResponseHeaders.d.ts": "7f7aa3e938180da966143e16c4686c7eb2ab8d0f762f038648e1cc6577e1d52e",
    "https://cdn.skypack.dev/-/@octokit/types@v7.3.1-s1x3cT7ZQWO4J1nbLbVQ/dist=es2019,mode=types/dist-types/Route.d.ts": "2c574466b0d7ded0bfedaea3660d8f008cefa06db748d79274b4aaea46564763",
    "https://cdn.skypack.dev/-/@octokit/types@v7.3.1-s1x3cT7ZQWO4J1nbLbVQ/dist=es2019,mode=types/dist-types/Signal.d.ts": "76b87f8b5d13712d3fc53a231be1664c4071186120624f2ae1b5bf3db6c7b502",
    "https://cdn.skypack.dev/-/@octokit/types@v7.3.1-s1x3cT7ZQWO4J1nbLbVQ/dist=es2019,mode=types/dist-types/StrategyInterface.d.ts": "5bd1f80c2ad3d97b86125fe945a1638f62a0039007520091a29bd9d2f4086381",
    "https://cdn.skypack.dev/-/@octokit/types@v7.3.1-s1x3cT7ZQWO4J1nbLbVQ/dist=es2019,mode=types/dist-types/Url.d.ts": "3f0d8705992ebf25221e0d3f72d496bbcebacb47c2b6ee90f4de66d760ee9152",
    "https://cdn.skypack.dev/-/@octokit/types@v7.3.1-s1x3cT7ZQWO4J1nbLbVQ/dist=es2019,mode=types/dist-types/VERSION.d.ts": "0acaff779670bf768b84b3c743bffc53103892c20ec55bdb31b6232cd37b5479",
    "https://cdn.skypack.dev/-/@octokit/types@v7.3.1-s1x3cT7ZQWO4J1nbLbVQ/dist=es2019,mode=types/dist-types/generated/Endpoints.d.ts": "543dbea17db3d5bc04274fa3fbfc1dbb12b025fa760680981b77b7053f4554a7",
    "https://cdn.skypack.dev/-/@octokit/types@v7.3.1-s1x3cT7ZQWO4J1nbLbVQ/dist=es2019,mode=types/dist-types/index.d.ts": "11b20e22a2ac28f91758c4615719da3200d65868c8c7fd2f83a0506dd03a95f2",
    "https://cdn.skypack.dev/-/@octokit/webhooks-methods@v3.0.0-DdQWLXQcURxxVAmkrhzk/dist=es2019,mode=imports/optimized/@octokit/webhooks-methods.js": "1e605a9e4e7bfa6270b319b0ef1c26bb324615f519cbb3eb9c5ec5c38a800147",
    "https://cdn.skypack.dev/-/@octokit/webhooks-types@v6.3.6-c3GaheC19Hwq7EbxCfuS/dist=es2019,mode=imports/optimized/@octokit/webhooks-types.js": "5d71afac9a0636b438aff7daa03026bc53a42b37fb59459792dee56119b9ae05",
    "https://cdn.skypack.dev/-/@octokit/webhooks-types@v6.3.6-c3GaheC19Hwq7EbxCfuS/dist=es2019,mode=types/schema.d.ts": "25eab3d0fa2a5539bcbc732ff0075823de9168fcc86fe50bdb23679acfcfb44e",
    "https://cdn.skypack.dev/-/@octokit/webhooks@v10.1.3-nRt3WpmEBnwZBqcoZVOg/dist=es2019,mode=imports/optimized/@octokit/webhooks.js": "e3cbf7a3c5f4126e92bef72ec6b3204bebdc3aa59d180407f3f0b2a7b20a0199",
    "https://cdn.skypack.dev/-/aggregate-error@v3.1.0-SEj1cA2tvXZcRXebUHUI/dist=es2019,mode=imports/optimized/aggregate-error.js": "b45ee295989671717cbab4464be9d23fd49f07c2e581e02982682da15e4892dc",
    "https://cdn.skypack.dev/-/before-after-hook@v2.2.2-pi5OVaqfPuA5i8u2q0Od/dist=es2019,mode=imports/optimized/before-after-hook.js": "d8dc01095d8c3892f00eafc8a9a6ccdcad3502aa91bbdbcf575916ab203e08f4",
    "https://cdn.skypack.dev/-/before-after-hook@v2.2.2-pi5OVaqfPuA5i8u2q0Od/dist=es2019,mode=types/index.d.ts": "f4fc6f33af72add3d409feae7e6eb6fd48dd05a7fda785a832addafa4c7ce8a7",
    "https://cdn.skypack.dev/-/bottleneck@v2.19.5-WnyfIkTTdKNNPUEySJVJ/dist=es2019,mode=imports/unoptimized/light.js": "8cc75c9dfa1f58a9bd0a17f10d9b97dba8858974a9a6e1e47c20ce437ac72933",
    "https://cdn.skypack.dev/-/btoa-lite@v1.0.0-EdoP2Wejbuei0whftaMM/dist=es2019,mode=imports/optimized/btoa-lite.js": "b35ceac34a43204c2b83ba544ea242bebc74559e2806b428fbf3f1ff01f33c0a",
    "https://cdn.skypack.dev/-/clean-stack@v2.2.0-T6Q1GM86WL6IIYyWyZOC/dist=es2019,mode=imports/optimized/clean-stack.js": "667d9dc9ef257456514af427132e6901b3905018d2820d5afe91bf6cf8f3e25a",
    "https://cdn.skypack.dev/-/deprecation@v2.3.1-uvOjAQiALAZPHmrlznlP/dist=es2019,mode=imports/optimized/deprecation.js": "193048b24ad63bc08fa2acbc65df7b57ddd8421aec8abf378e38e6978b5c0b33",
    "https://cdn.skypack.dev/-/fromentries@v1.3.2-qYxyAByWUOc2c43u3HGD/dist=es2019,mode=imports/optimized/fromentries.js": "5dbe4bf99006cc8c3d35b70397b50df940a21305f3bab2e7d2725b7032bf40fa",
    "https://cdn.skypack.dev/-/indent-string@v4.0.0-oHjbEh2BQXR9CwWQa6OC/dist=es2019,mode=imports/optimized/indent-string.js": "dbb1aa469bf28abf32c15fcf349fd974b5cfcea9411869fd0c9cf9c6cdf69e1a",
    "https://cdn.skypack.dev/-/is-plain-object@v5.0.0-8mrVMp9y5RYdpZYGe1Tt/dist=es2019,mode=imports/optimized/is-plain-object.js": "c3fcee678ef371dba4c260b766215ad645777e698f6f857738b6c4b98ad34b93",
    "https://cdn.skypack.dev/-/lru-cache@v6.0.0-IF3dXOIuVvZ6NoDdLuhR/dist=es2019,mode=imports/optimized/lru-cache.js": "9f317410d01919ed5e8979525691dbfffd87ce4e42be8b9c3ed9cd6fbc95236c",
    "https://cdn.skypack.dev/-/octokit@v2.0.7-bIjDAPxq3TpWV34ifrMi/dist=es2019,mode=imports/optimized/octokit.js": "40b97a3e5e80c1969526b662fe346b9a6eceb5650a79197ffd203287d8677ab0",
    "https://cdn.skypack.dev/-/once@v1.4.0-dZva3nt1fLBY6vpXF5Hj/dist=es2019,mode=imports/optimized/once.js": "2ecef4cecb6b0f4aec108af8e23b1d23304494bea8fc569464a6c2a11fda6486",
    "https://cdn.skypack.dev/-/universal-github-app-jwt@v1.1.0-BsFOZNxZE8MA1PGhdsIT/dist=es2019,mode=imports/optimized/universal-github-app-jwt.js": "367de9cf09ba5aa1a06da34fc6c667e16709a754cd3c72255a4458648359f499",
    "https://cdn.skypack.dev/-/universal-user-agent@v6.0.0-fUAPE3UH5QP7qG0fd0dH/dist=es2019,mode=imports/optimized/universal-user-agent.js": "24df9219684b303ca065c02733e601d11b3ed63a35ec8e473094006d65f6ded9",
    "https://cdn.skypack.dev/-/wrappy@v1.0.2-e8nLh7Qms0NRhbAbUpJP/dist=es2019,mode=imports/optimized/wrappy.js": "01dc1f36207f5400dad37bac2acddb2de0466953f289b8c84b7100e8b160fbb2",
    "https://cdn.skypack.dev/-/yallist@v4.0.0-zGx9utyhIe9lDU5JvFtt/dist=es2019,mode=imports/optimized/yallist.js": "4854561a2ed352e797634de4d204325dcd352d25fd70a1a5780f355347d9ee53",
    "https://cdn.skypack.dev/@octokit/plugin-rest-endpoint-methods?dts": "c10d0b6e3485816171f43c8250b0b21ae03820f60ceb0fe81dc477c4f07297ed",
    "https://cdn.skypack.dev/@octokit/webhooks-types?dts": "200395c3a1ce990dbe5f19248c640bdc045c9f5d85c235c0daa20e0950f58eb1",
    "https://cdn.skypack.dev/octokit": "5115c0341c1144df4bd01909601164d2880557f939b16551d6b3625da1e641b3",
    "https://raw.githubusercontent.com/GoogleChrome/lighthouse-ci/v0.10.0/types/assert.d.ts": "6bc48c6cdb2fa2033c794ee4a03d1259e4839c0d874d9d9516197db41f551652"
  }
}
